
Microsoft Visual Studio Solution File, Format Version 12.00
# Visual Studio Version 17
VisualStudioVersion = 17.5.002.0
MinimumVisualStudioVersion = 10.0.40219.1
Project("{9A19103F-16F7-4668-BE54-9A1E7A4F7556}") = "SchoolManagementApp.MVC", "SchoolManagementApp.MVC.csproj", "{09A1AEB2-F0DD-4F4E-80C3-0D3E2A4DCE7B}"
EndProject
Global
	GlobalSection(SolutionConfigurationPlatforms) = preSolution
		Debug|Any CPU = Debug|Any CPU
		Release|Any CPU = Release|Any CPU
	EndGlobalSection
	GlobalSection(ProjectConfigurationPlatforms) = postSolution
		{09A1AEB2-F0DD-4F4E-80C3-0D3E2A4DCE7B}.Debug|Any CPU.ActiveCfg = Debug|Any CPU
		{09A1AEB2-F0DD-4F4E-80C3-0D3E2A4DCE7B}.Debug|Any CPU.Build.0 = Debug|Any CPU
		{09A1AEB2-F0DD-4F4E-80C3-0D3E2A4DCE7B}.Release|Any CPU.ActiveCfg = Release|Any CPU
		{09A1AEB2-F0DD-4F4E-80C3-0D3E2A4DCE7B}.Release|Any CPU.Build.0 = Release|Any CPU
	EndGlobalSection
	GlobalSection(SolutionProperties) = preSolution
		HideSolutionNode = FALSE
	EndGlobalSection
	GlobalSection(ExtensibilityGlobals) = postSolution
		SolutionGuid = {E599D9E8-4A44-4E76-B441-0EFC779C687C}
	EndGlobalSection
EndGlobal
